Microsoft Visual Studio Solution File, Format Version 12.00
# Visual Studio Version 17
VisualStudioVersion = 17.5.2.0
MinimumVisualStudioVersion = 10.0.40219.1
Project("{FAE04EC0-301F-11D3-BF4B-00C04F79EFBC}") = "HelloWebApi", "HelloWebApi.csproj", "{27308160-16B7-6322-DFA8-8E4274ABC165}"
EndProject
Global
	GlobalSection(SolutionConfigurationPlatforms) = preSolution
		Debug|Any CPU = Debug|Any CPU
		Release|Any CPU = Release|Any CPU
	EndGlobalSection
	GlobalSection(ProjectConfigurationPlatforms) = postSolution
		{27308160-16B7-6322-DFA8-8E4274ABC165}.Debug|Any CPU.ActiveCfg = Debug|Any CPU
		{27308160-16B7-6322-DFA8-8E4274ABC165}.Debug|Any CPU.Build.0 = Debug|Any CPU
		{27308160-16B7-6322-DFA8-8E4274ABC165}.Release|Any CPU.ActiveCfg = Release|Any CPU
		{27308160-16B7-6322-DFA8-8E4274ABC165}.Release|Any CPU.Build.0 = Release|Any CPU
	EndGlobalSection
	GlobalSection(SolutionProperties) = preSolution
		HideSolutionNode = FALSE
	EndGlobalSection
	GlobalSection(ExtensibilityGlobals) = postSolution
		SolutionGuid = {34F1CB45-8917-4727-AB61-03119D2017D3}
	EndGlobalSection
EndGlobal
